// !$*UTF8*$!
{
	archiveVersion = 1;
	classes = {
	};
	objectVersion = 56;
	objects = {

/* Begin PBXBuildFile section */
		E1D850962A7E702900257E35 /* SnackLocation.swift in Sources */ = {isa = PBXBuildFile; fileRef = E1D850952A7E702900257E35 /* SnackLocation.swift */; };
		E1F6784B2A7E1BEE00A76149 /* Snack_Guide__TOApp.swift in Sources */ = {isa = PBXBuildFile; fileRef = E1F6784A2A7E1BEE00A76149 /* Snack_Guide__TOApp.swift */; };
		E1F6784D2A7E1BEE00A76149 /* FrontPage.swift in Sources */ = {isa = PBXBuildFile; fileRef = E1F6784C2A7E1BEE00A76149 /* FrontPage.swift */; };
		E1F6784F2A7E1BF000A76149 /* Assets.xcassets in Resources */ = {isa = PBXBuildFile; fileRef = E1F6784E2A7E1BF000A76149 /* Assets.xcassets */; };
		E1F678522A7E1BF000A76149 /* Preview Assets.xcassets in Resources */ = {isa = PBXBuildFile; fileRef = E1F678512A7E1BF000A76149 /* Preview Assets.xcassets */; };
		F76BC9DC2A80A1C200718289 /* SnackPlacesMenu.swift in Sources */ = {isa = PBXBuildFile; fileRef = F76BC9DB2A80A1C200718289 /* SnackPlacesMenu.swift */; };
/* End PBXBuildFile section */

/* Begin PBXFileReference section */
		E1D850952A7E702900257E35 /* SnackLocation.swift */ = {isa = PBXFileReference; lastKnownFileType = sourcecode.swift; path = SnackLocation.swift; sourceTree = "<group>"; };
		E1F678472A7E1BEE00A76149 /* Snack Guide -TO.app */ = {isa = PBXFileReference; explicitFileType = wrapper.application; includeInIndex = 0; path = "Snack Guide -TO.app"; sourceTree = BUILT_PRODUCTS_DIR; };
		E1F6784A2A7E1BEE00A76149 /* Snack_Guide__TOApp.swift */ = {isa = PBXFileReference; lastKnownFileType = sourcecode.swift; path = Snack_Guide__TOApp.swift; sourceTree = "<group>"; };
		E1F6784C2A7E1BEE00A76149 /* FrontPage.swift */ = {isa = PBXFileReference; lastKnownFileType = sourcecode.swift; path = FrontPage.swift; sourceTree = "<group>"; };
		E1F6784E2A7E1BF000A76149 /* Assets.xcassets */ = {isa = PBXFileReference; lastKnownFileType = folder.assetcatalog; path = Assets.xcassets; sourceTree = "<group>"; };
		E1F678512A7E1BF000A76149 /* Preview Assets.xcassets */ = {isa = PBXFileReference; lastKnownFileType = folder.assetcatalog; path = "Preview Assets.xcassets"; sourceTree = "<group>"; };
		F76BC9DB2A80A1C200718289 /* SnackPlacesMenu.swift */ = {isa = PBXFileReference; lastKnownFileType = sourcecode.swift; path = SnackPlacesMenu.swift; sourceTree = "<group>"; };
/* End PBXFileReference section */

/* Begin PBXFrameworksBuildPhase section */
		E1F678442A7E1BEE00A76149 /* Frameworks */ = {
			isa = PBXFrameworksBuildPhase;
			buildActionMask = 2147483647;
			files = (
			);
			runOnlyForDeploymentPostprocessing = 0;
		};
/* End PBXFrameworksBuildPhase section */

/* Begin PBXGroup section */
		E1F6783E2A7E1BEE00A76149 = {
			isa = PBXGroup;
			children = (
				E1F678492A7E1BEE00A76149 /* Snack Guide -TO */,
				E1F678482A7E1BEE00A76149 /* Products */,
			);
			sourceTree = "<group>";
		};
		E1F678482A7E1BEE00A76149 /* Products */ = {
			isa = PBXGroup;
			children = (
				E1F678472A7E1BEE00A76149 /* Snack Guide -TO.app */,
			);
			name = Products;
			sourceTree = "<group>";
		};
		E1F678492A7E1BEE00A76149 /* Snack Guide -TO */ = {
			isa = PBXGroup;
			children = (
				E1F6784A2A7E1BEE00A76149 /* Snack_Guide__TOApp.swift */,
				E1F6784C2A7E1BEE00A76149 /* FrontPage.swift */,
				F76BC9DB2A80A1C200718289 /* SnackPlacesMenu.swift */,
				E1D850952A7E702900257E35 /* SnackLocation.swift */,
				E1F6784E2A7E1BF000A76149 /* Assets.xcassets */,
				E1F678502A7E1BF000A76149 /* Preview Content */,
			);
			path = "Snack Guide -TO";
			sourceTree = "<group>";
		};
		E1F678502A7E1BF000A76149 /* Preview Content */ = {
			isa = PBXGroup;
			children = (
				E1F678512A7E1BF000A76149 /* Preview Assets.xcassets */,
			);
			path = "Preview Content";
			sourceTree = "<group>";
		};
/* End PBXGroup section */

/* Begin PBXNativeTarget section */
		E1F678462A7E1BEE00A76149 /* Snack Guide -TO */ = {
			isa = PBXNativeTarget;
			buildConfigurationList = E1F678552A7E1BF000A76149 /* Build configuration list for PBXNativeTarget "Snack Guide -TO" */;
			buildPhases = (
				E1F678432A7E1BEE00A76149 /* Sources */,
				E1F678442A7E1BEE00A76149 /* Frameworks */,
				E1F678452A7E1BEE00A76149 /* Resources */,
			);
			buildRules = (
			);
			dependencies = (
			);
			name = "Snack Guide -TO";
			productName = "Snack Guide -TO";
			productReference = E1F678472A7E1BEE00A76149 /* Snack Guide -TO.app */;
			productType = "com.apple.product-type.application";
		};
/* End PBXNativeTarget section */

/* Begin PBXProject section */
		E1F6783F2A7E1BEE00A76149 /* Project object */ = {
			isa = PBXProject;
			attributes = {
				BuildIndependentTargetsInParallel = 1;
				LastSwiftUpdateCheck = 1430;
				LastUpgradeCheck = 1430;
				TargetAttributes = {
					E1F678462A7E1BEE00A76149 = {
						CreatedOnToolsVersion = 14.3.1;
					};
				};
			};
			buildConfigurationList = E1F678422A7E1BEE00A76149 /* Build configuration list for PBXProject "Snack Guide -TO" */;
			compatibilityVersion = "Xcode 14.0";
			developmentRegion = en;
			hasScannedForEncodings = 0;
			knownRegions = (
				en,
				Base,
			);
			mainGroup = E1F6783E2A7E1BEE00A76149;
			productRefGroup = E1F678482A7E1BEE00A76149 /* Products */;
			projectDirPath = "";
			projectRoot = "";
			targets = (
				E1F678462A7E1BEE00A76149 /* Snack Guide -TO */,
			);
		};
/* End PBXProject section */

/* Begin PBXResourcesBuildPhase section */
		E1F678452A7E1BEE00A76149 /* Resources */ = {
			isa = PBXResourcesBuildPhase;
			buildActionMask = 2147483647;
			files = (
				E1F678522A7E1BF000A76149 /* Preview Assets.xcassets in Resources */,
				E1F6784F2A7E1BF000A76149 /* Assets.xcassets in Resources */,
			);
			runOnlyForDeploymentPostprocessing = 0;
		};
/* End PBXResourcesBuildPhase section */

/* Begin PBXSourcesBuildPhase section */
		E1F678432A7E1BEE00A76149 /* Sources */ = {
			isa = PBXSourcesBuildPhase;
			buildActionMask = 2147483647;
			files = (
				E1D850962A7E702900257E35 /* SnackLocation.swift in Sources */,
				E1F6784D2A7E1BEE00A76149 /* FrontPage.swift in Sources */,
				E1F6784B2A7E1BEE00A76149 /* Snack_Guide__TOApp.swift in Sources */,
				F76BC9DC2A80A1C200718289 /* SnackPlacesMenu.swift in Sources */,
			);
			runOnlyForDeploymentPostprocessing = 0;
		};
/* End PBXSourcesBuildPhase section */

/* Begin XCBuildConfiguration section */
		E1F678532A7E1BF000A76149 /* Debug */ = {
			isa = XCBuildConfiguration;
			buildSettings = {
				ALWAYS_SEARCH_USER_PATHS = NO;
				CLANG_ANALYZER_NONNULL = YES;
				CLANG_ANALYZER_NUMBER_OBJECT_CONVERSION = YES_AGGRESSIVE;
				CLANG_CXX_LANGUAGE_STANDARD = "gnu++20";
				CLANG_ENABLE_MODULES = YES;
				CLANG_ENABLE_OBJC_ARC = YES;
				CLANG_ENABLE_OBJC_WEAK = YES;
				CLANG_WARN_BLOCK_CAPTURE_AUTORELEASING = YES;
				CLANG_WARN_BOOL_CONVERSION = YES;
				CLANG_WARN_COMMA = YES;
				CLANG_WARN_CONSTANT_CONVERSION = YES;
				CLANG_WARN_DEPRECATED_OBJC_IMPLEMENTATIONS = YES;
				CLANG_WARN_DIRECT_OBJC_ISA_USAGE = YES_ERROR;
				CLANG_WARN_DOCUMENTATION_COMMENTS = YES;
				CLANG_WARN_EMPTY_BODY = YES;
				CLANG_WARN_ENUM_CONVERSION = YES;
				CLANG_WARN_INFINITE_RECURSION = YES;
				CLANG_WARN_INT_CONVERSION = YES;
				CLANG_WARN_NON_LITERAL_NULL_CONVERSION = YES;
				CLANG_WARN_OBJC_IMPLICIT_RETAIN_SELF = YES;
				CLANG_WARN_OBJC_LITERAL_CONVERSION = YES;
				CLANG_WARN_OBJC_ROOT_CLASS = YES_ERROR;
				CLANG_WARN_QUOTED_INCLUDE_IN_FRAMEWORK_HEADER = YES;
				CLANG_WARN_RANGE_LOOP_ANALYSIS = YES;
				CLANG_WARN_STRICT_PROTOTYPES = YES;
				CLANG_WARN_SUSPICIOUS_MOVE = YES;
				CLANG_WARN_UNGUARDED_AVAILABILITY = YES_AGGRESSIVE;
				CLANG_WARN_UNREACHABLE_CODE = YES;
				CLANG_WARN__DUPLICATE_METHOD_MATCH = YES;
				COPY_PHASE_STRIP = NO;
				DEBUG_INFORMATION_FORMAT = dwarf;
				ENABLE_STRICT_OBJC_MSGSEND = YES;
				ENABLE_TESTABILITY = YES;
				GCC_C_LANGUAGE_STANDARD = gnu11;
				GCC_DYNAMIC_NO_PIC = NO;
				GCC_NO_COMMON_BLOCKS = YES;
				GCC_OPTIMIZATION_LEVEL = 0;
				GCC_PREPROCESSOR_DEFINITIONS = (
					"DEBUG=1",
					"$(inherited)",
				);
				GCC_WARN_64_TO_32_BIT_CONVERSION = YES;
				GCC_WARN_ABOUT_RETURN_TYPE = YES_ERROR;
				GCC_WARN_UNDECLARED_SELECTOR = YES;
				GCC_WARN_UNINITIALIZED_AUTOS = YES_AGGRESSIVE;
				GCC_WARN_UNUSED_FUNCTION = YES;
				GCC_WARN_UNUSED_VARIABLE = YES;
				IPHONEOS_DEPLOYMENT_TARGET = 16.4;
				MTL_ENABLE_DEBUG_INFO = INCLUDE_SOURCE;
				MTL_FAST_MATH = YES;
				ONLY_ACTIVE_ARCH = YES;
				SDKROOT = iphoneos;
				SWIFT_ACTIVE_COMPILATION_CONDITIONS = DEBUG;
				SWIFT_OPTIMIZATION_LEVEL = "-Onone";
			};
			name = Debug;
		};
		E1F678542A7E1BF000A76149 /* Release */ = {
			isa = XCBuildConfiguration;
			buildSettings = {
				ALWAYS_SEARCH_USER_PATHS = NO;
				CLANG_ANALYZER_NONNULL = YES;
				CLANG_ANALYZER_NUMBER_OBJECT_CONVERSION = YES_AGGRESSIVE;
				CLANG_CXX_LANGUAGE_STANDARD = "gnu++20";
				CLANG_ENABLE_MODULES = YES;
				CLANG_ENABLE_OBJC_ARC = YES;
				CLANG_ENABLE_OBJC_WEAK = YES;
				CLANG_WARN_BLOCK_CAPTURE_AUTORELEASING = YES;
				CLANG_WARN_BOOL_CONVERSION = YES;
				CLANG_WARN_COMMA = YES;
				CLANG_WARN_CONSTANT_CONVERSION = YES;
				CLANG_WARN_DEPRECATED_OBJC_IMPLEMENTATIONS = YES;
				CLANG_WARN_DIRECT_OBJC_ISA_USAGE = YES_ERROR;
				CLANG_WARN_DOCUMENTATION_COMMENTS = YES;
				CLANG_WARN_EMPTY_BODY = YES;
				CLANG_WARN_ENUM_CONVERSION = YES;
				CLANG_WARN_INFINITE_RECURSION = YES;
				CLANG_WARN_INT_CONVERSION = YES;
				CLANG_WARN_NON_LITERAL_NULL_CONVERSION = YES;
				CLANG_WARN_OBJC_IMPLICIT_RETAIN_SELF = YES;
				CLANG_WARN_OBJC_LITERAL_CONVERSION = YES;
				CLANG_WARN_OBJC_ROOT_CLASS = YES_ERROR;
				CLANG_WARN_QUOTED_INCLUDE_IN_FRAMEWORK_HEADER = YES;
				CLANG_WARN_RANGE_LOOP_ANALYSIS = YES;
				CLANG_WARN_STRICT_PROTOTYPES = YES;
				CLANG_WARN_SUSPICIOUS_MOVE = YES;
				CLANG_WARN_UNGUARDED_AVAILABILITY = YES_AGGRESSIVE;
				CLANG_WARN_UNREACHABLE_CODE = YES;
				CLANG_WARN__DUPLICATE_METHOD_MATCH = YES;
				COPY_PHASE_STRIP = NO;
				DEBUG_INFORMATION_FORMAT = "dwarf-with-dsym";
				ENABLE_NS_ASSERTIONS = NO;
				ENABLE_STRICT_OBJC_MSGSEND = YES;
				GCC_C_LANGUAGE_STANDARD = gnu11;
				GCC_NO_COMMON_BLOCKS = YES;
				GCC_WARN_64_TO_32_BIT_CONVERSION = YES;
				GCC_WARN_ABOUT_RETURN_TYPE = YES_ERROR;
				GCC_WARN_UNDECLARED_SELECTOR = YES;
				GCC_WARN_UNINITIALIZED_AUTOS = YES_AGGRESSIVE;
				GCC_WARN_UNUSED_FUNCTION = YES;
				GCC_WARN_UNUSED_VARIABLE = YES;
				IPHONEOS_DEPLOYMENT_TARGET = 16.4;
				MTL_ENABLE_DEBUG_INFO = NO;
				MTL_FAST_MATH = YES;
				SDKROOT = iphoneos;
				SWIFT_COMPILATION_MODE = wholemodule;
				SWIFT_OPTIMIZATION_LEVEL = "-O";
				VALIDATE_PRODUCT = YES;
			};
			name = Release;
		};
		E1F678562A7E1BF000A76149 /* Debug */ = {
			isa = XCBuildConfiguration;
			buildSettings = {
				ASSETCATALOG_COMPILER_APPICON_NAME = AppIcon;
				ASSETCATALOG_COMPILER_GLOBAL_ACCENT_COLOR_NAME = AccentColor;
				CODE_SIGN_STYLE = Automatic;
				CURRENT_PROJECT_VERSION = 1;
				DEVELOPMENT_ASSET_PATHS = "\"Snack Guide -TO/Preview Content\"";
				ENABLE_PREVIEWS = YES;
				GENERATE_INFOPLIST_FILE = YES;
				INFOPLIST_KEY_UIApplicationSceneManifest_Generation = YES;
				INFOPLIST_KEY_UIApplicationSupportsIndirectInputEvents = YES;
				INFOPLIST_KEY_UILaunchScreen_Generation = YES;
				INFOPLIST_KEY_UISupportedInterfaceOrientations_iPad = "UIInterfaceOrientationPortrait UIInterfaceOrientationPortraitUpsideDown UIInterfaceOrientationLandscapeLeft UIInterfaceOrientationLandscapeRight";
				INFOPLIST_KEY_UISupportedInterfaceOrientations_iPhone = "UIInterfaceOrientationPortrait UIInterfaceOrientationLandscapeLeft UIInterfaceOrientationLandscapeRight";
				LD_RUNPATH_SEARCH_PATHS = (
					"$(inherited)",
					"@executable_path/Frameworks",
				);
				MARKETING_VERSION = 1.0;
				PRODUCT_BUNDLE_IDENTIFIER = "com.snackguide.Snack-Guide--TO";
				PRODUCT_NAME = "$(TARGET_NAME)";
				SWIFT_EMIT_LOC_STRINGS = YES;
				SWIFT_VERSION = 5.0;
				TARGETED_DEVICE_FAMILY = "1,2";
			};
			name = Debug;
		};
		E1F678572A7E1BF000A76149 /* Release */ = {
			isa = XCBuildConfiguration;
			buildSettings = {
				ASSETCATALOG_COMPILER_APPICON_NAME = AppIcon;
				ASSETCATALOG_COMPILER_GLOBAL_ACCENT_COLOR_NAME = AccentColor;
				CODE_SIGN_STYLE = Automatic;
				CURRENT_PROJECT_VERSION = 1;
				DEVELOPMENT_ASSET_PATHS = "\"Snack Guide -TO/Preview Content\"";
				ENABLE_PREVIEWS = YES;
				GENERATE_INFOPLIST_FILE = YES;
				INFOPLIST_KEY_UIApplicationSceneManifest_Generation = YES;
				INFOPLIST_KEY_UIApplicationSupportsIndirectInputEvents = YES;
				INFOPLIST_KEY_UILaunchScreen_Generation = YES;
				INFOPLIST_KEY_UISupportedInterfaceOrientations_iPad = "UIInterfaceOrientationPortrait UIInterfaceOrientationPortraitUpsideDown UIInterfaceOrientationLandscapeLeft UIInterfaceOrientationLandscapeRight";
				INFOPLIST_KEY_UISupportedInterfaceOrientations_iPhone = "UIInterfaceOrientationPortrait UIInterfaceOrientationLandscapeLeft UIInterfaceOrientationLandscapeRight";
				LD_RUNPATH_SEARCH_PATHS = (
					"$(inherited)",
					"@executable_path/Frameworks",
				);
				MARKETING_VERSION = 1.0;
				PRODUCT_BUNDLE_IDENTIFIER = "com.snackguide.Snack-Guide--TO";
				PRODUCT_NAME = "$(TARGET_NAME)";
				SWIFT_EMIT_LOC_STRINGS = YES;
				SWIFT_VERSION = 5.0;
				TARGETED_DEVICE_FAMILY = "1,2";
			};
			name = Release;
		};
/* End XCBuildConfiguration section */

/* Begin XCConfigurationList section */
		E1F678422A7E1BEE00A76149 /* Build configuration list for PBXProject "Snack Guide -TO" */ = {
			isa = XCConfigurationList;
			buildConfigurations = (
				E1F678532A7E1BF000A76149 /* Debug */,
				E1F678542A7E1BF000A76149 /* Release */,
			);
			defaultConfigurationIsVisible = 0;
			defaultConfigurationName = Release;
		};
		E1F678552A7E1BF000A76149 /* Build configuration list for PBXNativeTarget "Snack Guide -TO" */ = {
			isa = XCConfigurationList;
			buildConfigurations = (
				E1F678562A7E1BF000A76149 /* Debug */,
				E1F678572A7E1BF000A76149 /* Release */,
			);
			defaultConfigurationIsVisible = 0;
			defaultConfigurationName = Release;
		};
/* End XCConfigurationList section */
	};
	rootObject = E1F6783F2A7E1BEE00A76149 /* Project object */;
}
